
Microsoft Visual Studio Solution File, Format Version 12.00
# Visual Studio Version 17
VisualStudioVersion = 17.3.32929.385
MinimumVisualStudioVersion = 10.0.40219.1
Project("{FAE04EC0-301F-11D3-BF4B-00C04F79EFBC}") = "testGit", "testGit\testGit.csproj", "{5ADB59DE-1034-4D46-A26E-04781735D2B1}"
EndProject
Global
	GlobalSection(SolutionConfigurationPlatforms) = preSolution
		Debug|Any CPU = Debug|Any CPU
		Release|Any CPU = Release|Any CPU
	EndGlobalSection
	GlobalSection(ProjectConfigurationPlatforms) = postSolution
		{5ADB59DE-1034-4D46-A26E-04781735D2B1}.Debug|Any CPU.ActiveCfg = Debug|Any CPU
		{5ADB59DE-1034-4D46-A26E-04781735D2B1}.Debug|Any CPU.Build.0 = Debug|Any CPU
		{5ADB59DE-1034-4D46-A26E-04781735D2B1}.Release|Any CPU.ActiveCfg = Release|Any CPU
		{5ADB59DE-1034-4D46-A26E-04781735D2B1}.Release|Any CPU.Build.0 = Release|Any CPU
	EndGlobalSection
	GlobalSection(SolutionProperties) = preSolution
		HideSolutionNode = FALSE
	EndGlobalSection
	GlobalSection(ExtensibilityGlobals) = postSolution
		SolutionGuid = {E4655C1B-C961-44FA-B912-61142D1E1035}
	EndGlobalSection
EndGlobal
